// !$*UTF8*$!
{
	archiveVersion = 1;
	classes = {
	};
	objectVersion = 46;
	objects = {

/* Begin PBXBuildFile section */
		153627BC1CD14B950086F486 /* AppDelegate.swift in Sources */ = {isa = PBXBuildFile; fileRef = 153627BB1CD14B950086F486 /* AppDelegate.swift */; };
		153627BE1CD14B970086F486 /* ViewController.swift in Sources */ = {isa = PBXBuildFile; fileRef = 153627BD1CD14B970086F486 /* ViewController.swift */; };
		153627C11CD14B980086F486 /* Main.storyboard in Resources */ = {isa = PBXBuildFile; fileRef = 153627BF1CD14B980086F486 /* Main.storyboard */; };
		153627C31CD14B980086F486 /* Assets.xcassets in Resources */ = {isa = PBXBuildFile; fileRef = 153627C21CD14B980086F486 /* Assets.xcassets */; };
		153627C61CD14B980086F486 /* LaunchScreen.storyboard in Resources */ = {isa = PBXBuildFile; fileRef = 153627C41CD14B980086F486 /* LaunchScreen.storyboard */; };
		153627D11CD14B990086F486 /* tipsTests.swift in Sources */ = {isa = PBXBuildFile; fileRef = 153627D01CD14B990086F486 /* tipsTests.swift */; };
		153627DC1CD14B990086F486 /* tipsUITests.swift in Sources */ = {isa = PBXBuildFile; fileRef = 153627DB1CD14B990086F486 /* tipsUITests.swift */; };
		153627EE1CD1643E0086F486 /* SettingsViewController.swift in Sources */ = {isa = PBXBuildFile; fileRef = 153627ED1CD1643E0086F486 /* SettingsViewController.swift */; };
/* End PBXBuildFile section */

/* Begin PBXContainerItemProxy section */
		153627CD1CD14B980086F486 /* PBXContainerItemProxy */ = {
			isa = PBXContainerItemProxy;
			containerPortal = 153627B01CD14B920086F486 /* Project object */;
			proxyType = 1;
			remoteGlobalIDString = 153627B71CD14B930086F486;
			remoteInfo = tips;
		};
		153627D81CD14B990086F486 /* PBXContainerItemProxy */ = {
			isa = PBXContainerItemProxy;
			containerPortal = 153627B01CD14B920086F486 /* Project object */;
			proxyType = 1;
			remoteGlobalIDString = 153627B71CD14B930086F486;
			remoteInfo = tips;
		};
/* End PBXContainerItemProxy section */

/* Begin PBXFileReference section */
		153627B81CD14B930086F486 /* tips.app */ = {isa = PBXFileReference; explicitFileType = wrapper.application; includeInIndex = 0; path = tips.app; sourceTree = BUILT_PRODUCTS_DIR; };
		153627BB1CD14B950086F486 /* AppDelegate.swift */ = {isa = PBXFileReference; lastKnownFileType = sourcecode.swift; path = AppDelegate.swift; sourceTree = "<group>"; };
		153627BD1CD14B970086F486 /* ViewController.swift */ = {isa = PBXFileReference; lastKnownFileType = sourcecode.swift; path = ViewController.swift; sourceTree = "<group>"; };
		153627C01CD14B980086F486 /* Base */ = {isa = PBXFileReference; lastKnownFileType = file.storyboard; name = Base; path = Base.lproj/Main.storyboard; sourceTree = "<group>"; };
		153627C21CD14B980086F486 /* Assets.xcassets */ = {isa = PBXFileReference; lastKnownFileType = folder.assetcatalog; path = Assets.xcassets; sourceTree = "<group>"; };
		153627C51CD14B980086F486 /* Base */ = {isa = PBXFileReference; lastKnownFileType = file.storyboard; name = Base; path = Base.lproj/LaunchScreen.storyboard; sourceTree = "<group>"; };
		153627C71CD14B980086F486 /* Info.plist */ = {isa = PBXFileReference; lastKnownFileType = text.plist.xml; path = Info.plist; sourceTree = "<group>"; };
		153627CC1CD14B980086F486 /* tipsTests.xctest */ = {isa = PBXFileReference; explicitFileType = wrapper.cfbundle; includeInIndex = 0; path = tipsTests.xctest; sourceTree = BUILT_PRODUCTS_DIR; };
		153627D01CD14B990086F486 /* tipsTests.swift */ = {isa = PBXFileReference; lastKnownFileType = sourcecode.swift; path = tipsTests.swift; sourceTree = "<group>"; };
		153627D21CD14B990086F486 /* Info.plist */ = {isa = PBXFileReference; lastKnownFileType = text.plist.xml; path = Info.plist; sourceTree = "<group>"; };
		153627D71CD14B990086F486 /* tipsUITests.xctest */ = {isa = PBXFileReference; explicitFileType = wrapper.cfbundle; includeInIndex = 0; path = tipsUITests.xctest; sourceTree = BUILT_PRODUCTS_DIR; };
		153627DB1CD14B990086F486 /* tipsUITests.swift */ = {isa = PBXFileReference; lastKnownFileType = sourcecode.swift; path = tipsUITests.swift; sourceTree = "<group>"; };
		153627DD1CD14B990086F486 /* Info.plist */ = {isa = PBXFileReference; lastKnownFileType = text.plist.xml; path = Info.plist; sourceTree = "<group>"; };
		153627ED1CD1643E0086F486 /* SettingsViewController.swift */ = {isa = PBXFileReference; fileEncoding = 4; lastKnownFileType = sourcecode.swift; path = SettingsViewController.swift; sourceTree = "<group>"; };
/* End PBXFileReference section */

/* Begin PBXFrameworksBuildPhase section */
		153627B51CD14B930086F486 /* Frameworks */ = {
			isa = PBXFrameworksBuildPhase;
			buildActionMask = 2147483647;
			files = (
			);
			runOnlyForDeploymentPostprocessing = 0;
		};
		153627C91CD14B980086F486 /* Frameworks */ = {
			isa = PBXFrameworksBuildPhase;
			buildActionMask = 2147483647;
			files = (
			);
			runOnlyForDeploymentPostprocessing = 0;
		};
		153627D41CD14B990086F486 /* Frameworks */ = {
			isa = PBXFrameworksBuildPhase;
			buildActionMask = 2147483647;
			files = (
			);
			runOnlyForDeploymentPostprocessing = 0;
		};
/* End PBXFrameworksBuildPhase section */

/* Begin PBXGroup section */
		153627AF1CD14B920086F486 = {
			isa = PBXGroup;
			children = (
				153627BA1CD14B950086F486 /* tips */,
				153627CF1CD14B990086F486 /* tipsTests */,
				153627DA1CD14B990086F486 /* tipsUITests */,
				153627B91CD14B930086F486 /* Products */,
			);
			sourceTree = "<group>";
		};
		153627B91CD14B930086F486 /* Products */ = {
			isa = PBXGroup;
			children = (
				153627B81CD14B930086F486 /* tips.app */,
				153627CC1CD14B980086F486 /* tipsTests.xctest */,
				153627D71CD14B990086F486 /* tipsUITests.xctest */,
			);
			name = Products;
			sourceTree = "<group>";
		};
		153627BA1CD14B950086F486 /* tips */ = {
			isa = PBXGroup;
			children = (
				153627ED1CD1643E0086F486 /* SettingsViewController.swift */,
				153627BB1CD14B950086F486 /* AppDelegate.swift */,
				153627BD1CD14B970086F486 /* ViewController.swift */,
				153627BF1CD14B980086F486 /* Main.storyboard */,
				153627C21CD14B980086F486 /* Assets.xcassets */,
				153627C41CD14B980086F486 /* LaunchScreen.storyboard */,
				153627C71CD14B980086F486 /* Info.plist */,
			);
			path = tips;
			sourceTree = "<group>";
		};
		153627CF1CD14B990086F486 /* tipsTests */ = {
			isa = PBXGroup;
			children = (
				153627D01CD14B990086F486 /* tipsTests.swift */,
				153627D21CD14B990086F486 /* Info.plist */,
			);
			path = tipsTests;
			sourceTree = "<group>";
		};
		153627DA1CD14B990086F486 /* tipsUITests */ = {
			isa = PBXGroup;
			children = (
				153627DB1CD14B990086F486 /* tipsUITests.swift */,
				153627DD1CD14B990086F486 /* Info.plist */,
			);
			path = tipsUITests;
			sourceTree = "<group>";
		};
/* End PBXGroup section */

/* Begin PBXNativeTarget section */
		153627B71CD14B930086F486 /* tips */ = {
			isa = PBXNativeTarget;
			buildConfigurationList = 153627E01CD14B990086F486 /* Build configuration list for PBXNativeTarget "tips" */;
			buildPhases = (
				153627B41CD14B930086F486 /* Sources */,
				153627B51CD14B930086F486 /* Frameworks */,
				153627B61CD14B930086F486 /* Resources */,
			);
			buildRules = (
			);
			dependencies = (
			);
			name = tips;
			productName = tips;
			productReference = 153627B81CD14B930086F486 /* tips.app */;
			productType = "com.apple.product-type.application";
		};
		153627CB1CD14B980086F486 /* tipsTests */ = {
			isa = PBXNativeTarget;
			buildConfigurationList = 153627E31CD14B990086F486 /* Build configuration list for PBXNativeTarget "tipsTests" */;
			buildPhases = (
				153627C81CD14B980086F486 /* Sources */,
				153627C91CD14B980086F486 /* Frameworks */,
				153627CA1CD14B980086F486 /* Resources */,
			);
			buildRules = (
			);
			dependencies = (
				153627CE1CD14B980086F486 /* PBXTargetDependency */,
			);
			name = tipsTests;
			productName = tipsTests;
			productReference = 153627CC1CD14B980086F486 /* tipsTests.xctest */;
			productType = "com.apple.product-type.bundle.unit-test";
		};
		153627D61CD14B990086F486 /* tipsUITests */ = {
			isa = PBXNativeTarget;
			buildConfigurationList = 153627E61CD14B990086F486 /* Build configuration list for PBXNativeTarget "tipsUITests" */;
			buildPhases = (
				153627D31CD14B990086F486 /* Sources */,
				153627D41CD14B990086F486 /* Frameworks */,
				153627D51CD14B990086F486 /* Resources */,
			);
			buildRules = (
			);
			dependencies = (
				153627D91CD14B990086F486 /* PBXTargetDependency */,
			);
			name = tipsUITests;
			productName = tipsUITests;
			productReference = 153627D71CD14B990086F486 /* tipsUITests.xctest */;
			productType = "com.apple.product-type.bundle.ui-testing";
		};
/* End PBXNativeTarget section */

/* Begin PBXProject section */
		153627B01CD14B920086F486 /* Project object */ = {
			isa = PBXProject;
			attributes = {
				LastSwiftUpdateCheck = 0730;
				LastUpgradeCheck = 0730;
				ORGANIZATIONNAME = "Chris Wren";
				TargetAttributes = {
					153627B71CD14B930086F486 = {
						CreatedOnToolsVersion = 7.3;
					};
					153627CB1CD14B980086F486 = {
						CreatedOnToolsVersion = 7.3;
						TestTargetID = 153627B71CD14B930086F486;
					};
					153627D61CD14B990086F486 = {
						CreatedOnToolsVersion = 7.3;
						TestTargetID = 153627B71CD14B930086F486;
					};
				};
			};
			buildConfigurationList = 153627B31CD14B930086F486 /* Build configuration list for PBXProject "tips" */;
			compatibilityVersion = "Xcode 3.2";
			developmentRegion = English;
			hasScannedForEncodings = 0;
			knownRegions = (
				en,
				Base,
			);
			mainGroup = 153627AF1CD14B920086F486;
			productRefGroup = 153627B91CD14B930086F486 /* Products */;
			projectDirPath = "";
			projectRoot = "";
			targets = (
				153627B71CD14B930086F486 /* tips */,
				153627CB1CD14B980086F486 /* tipsTests */,
				153627D61CD14B990086F486 /* tipsUITests */,
			);
		};
/* End PBXProject section */

/* Begin PBXResourcesBuildPhase section */
		153627B61CD14B930086F486 /* Resources */ = {
			isa = PBXResourcesBuildPhase;
			buildActionMask = 2147483647;
			files = (
				153627C61CD14B980086F486 /* LaunchScreen.storyboard in Resources */,
				153627C31CD14B980086F486 /* Assets.xcassets in Resources */,
				153627C11CD14B980086F486 /* Main.storyboard in Resources */,
			);
			runOnlyForDeploymentPostprocessing = 0;
		};
		153627CA1CD14B980086F486 /* Resources */ = {
			isa = PBXResourcesBuildPhase;
			buildActionMask = 2147483647;
			files = (
			);
			runOnlyForDeploymentPostprocessing = 0;
		};
		153627D51CD14B990086F486 /* Resources */ = {
			isa = PBXResourcesBuildPhase;
			buildActionMask = 2147483647;
			files = (
			);
			runOnlyForDeploymentPostprocessing = 0;
		};
/* End PBXResourcesBuildPhase section */

/* Begin PBXSourcesBuildPhase section */
		153627B41CD14B930086F486 /* Sources */ = {
			isa = PBXSourcesBuildPhase;
			buildActionMask = 2147483647;
			files = (
				153627BE1CD14B970086F486 /* ViewController.swift in Sources */,
				153627BC1CD14B950086F486 /* AppDelegate.swift in Sources */,
				153627EE1CD1643E0086F486 /* SettingsViewController.swift in Sources */,
			);
			runOnlyForDeploymentPostprocessing = 0;
		};
		153627C81CD14B980086F486 /* Sources */ = {
			isa = PBXSourcesBuildPhase;
			buildActionMask = 2147483647;
			files = (
				153627D11CD14B990086F486 /* tipsTests.swift in Sources */,
			);
			runOnlyForDeploymentPostprocessing = 0;
		};
		153627D31CD14B990086F486 /* Sources */ = {
			isa = PBXSourcesBuildPhase;
			buildActionMask = 2147483647;
			files = (
				153627DC1CD14B990086F486 /* tipsUITests.swift in Sources */,
			);
			runOnlyForDeploymentPostprocessing = 0;
		};
/* End PBXSourcesBuildPhase section */

/* Begin PBXTargetDependency section */
		153627CE1CD14B980086F486 /* PBXTargetDependency */ = {
			isa = PBXTargetDependency;
			target = 153627B71CD14B930086F486 /* tips */;
			targetProxy = 153627CD1CD14B980086F486 /* PBXContainerItemProxy */;
		};
		153627D91CD14B990086F486 /* PBXTargetDependency */ = {
			isa = PBXTargetDependency;
			target = 153627B71CD14B930086F486 /* tips */;
			targetProxy = 153627D81CD14B990086F486 /* PBXContainerItemProxy */;
		};
/* End PBXTargetDependency section */

/* Begin PBXVariantGroup section */
		153627BF1CD14B980086F486 /* Main.storyboard */ = {
			isa = PBXVariantGroup;
			children = (
				153627C01CD14B980086F486 /* Base */,
			);
			name = Main.storyboard;
			sourceTree = "<group>";
		};
		153627C41CD14B980086F486 /* LaunchScreen.storyboard */ = {
			isa = PBXVariantGroup;
			children = (
				153627C51CD14B980086F486 /* Base */,
			);
			name = LaunchScreen.storyboard;
			sourceTree = "<group>";
		};
/* End PBXVariantGroup section */

/* Begin XCBuildConfiguration section */
		153627DE1CD14B990086F486 /* Debug */ = {
			isa = XCBuildConfiguration;
			buildSettings = {
				ALWAYS_SEARCH_USER_PATHS = NO;
				CLANG_ANALYZER_NONNULL = YES;
				CLANG_CXX_LANGUAGE_STANDARD = "gnu++0x";
				CLANG_CXX_LIBRARY = "libc++";
				CLANG_ENABLE_MODULES = YES;
				CLANG_ENABLE_OBJC_ARC = YES;
				CLANG_WARN_BOOL_CONVERSION = YES;
				CLANG_WARN_CONSTANT_CONVERSION = YES;
				CLANG_WARN_DIRECT_OBJC_ISA_USAGE = YES_ERROR;
				CLANG_WARN_EMPTY_BODY = YES;
				CLANG_WARN_ENUM_CONVERSION = YES;
				CLANG_WARN_INT_CONVERSION = YES;
				CLANG_WARN_OBJC_ROOT_CLASS = YES_ERROR;
				CLANG_WARN_UNREACHABLE_CODE = YES;
				CLANG_WARN__DUPLICATE_METHOD_MATCH = YES;
				"CODE_SIGN_IDENTITY[sdk=iphoneos*]" = "iPhone Developer";
				COPY_PHASE_STRIP = NO;
				DEBUG_INFORMATION_FORMAT = dwarf;
				ENABLE_STRICT_OBJC_MSGSEND = YES;
				ENABLE_TESTABILITY = YES;
				GCC_C_LANGUAGE_STANDARD = gnu99;
				GCC_DYNAMIC_NO_PIC = NO;
				GCC_NO_COMMON_BLOCKS = YES;
				GCC_OPTIMIZATION_LEVEL = 0;
				GCC_PREPROCESSOR_DEFINITIONS = (
					"DEBUG=1",
					"$(inherited)",
				);
				GCC_WARN_64_TO_32_BIT_CONVERSION = YES;
				GCC_WARN_ABOUT_RETURN_TYPE = YES_ERROR;
				GCC_WARN_UNDECLARED_SELECTOR = YES;
				GCC_WARN_UNINITIALIZED_AUTOS = YES_AGGRESSIVE;
				GCC_WARN_UNUSED_FUNCTION = YES;
				GCC_WARN_UNUSED_VARIABLE = YES;
				IPHONEOS_DEPLOYMENT_TARGET = 9.3;
				MTL_ENABLE_DEBUG_INFO = YES;
				ONLY_ACTIVE_ARCH = YES;
				SDKROOT = iphoneos;
				SWIFT_OPTIMIZATION_LEVEL = "-Onone";
				TARGETED_DEVICE_FAMILY = "1,2";
			};
			name = Debug;
		};
		153627DF1CD14B990086F486 /* Release */ = {
			isa = XCBuildConfiguration;
			buildSettings = {
				ALWAYS_SEARCH_USER_PATHS = NO;
				CLANG_ANALYZER_NONNULL = YES;
				CLANG_CXX_LANGUAGE_STANDARD = "gnu++0x";
				CLANG_CXX_LIBRARY = "libc++";
				CLANG_ENABLE_MODULES = YES;
				CLANG_ENABLE_OBJC_ARC = YES;
				CLANG_WARN_BOOL_CONVERSION = YES;
				CLANG_WARN_CONSTANT_CONVERSION = YES;
				CLANG_WARN_DIRECT_OBJC_ISA_USAGE = YES_ERROR;
				CLANG_WARN_EMPTY_BODY = YES;
				CLANG_WARN_ENUM_CONVERSION = YES;
				CLANG_WARN_INT_CONVERSION = YES;
				CLANG_WARN_OBJC_ROOT_CLASS = YES_ERROR;
				CLANG_WARN_UNREACHABLE_CODE = YES;
				CLANG_WARN__DUPLICATE_METHOD_MATCH = YES;
				"CODE_SIGN_IDENTITY[sdk=iphoneos*]" = "iPhone Developer";
				COPY_PHASE_STRIP = NO;
				DEBUG_INFORMATION_FORMAT = "dwarf-with-dsym";
				ENABLE_NS_ASSERTIONS = NO;
				ENABLE_STRICT_OBJC_MSGSEND = YES;
				GCC_C_LANGUAGE_STANDARD = gnu99;
				GCC_NO_COMMON_BLOCKS = YES;
				GCC_WARN_64_TO_32_BIT_CONVERSION = YES;
				GCC_WARN_ABOUT_RETURN_TYPE = YES_ERROR;
				GCC_WARN_UNDECLARED_SELECTOR = YES;
				GCC_WARN_UNINITIALIZED_AUTOS = YES_AGGRESSIVE;
				GCC_WARN_UNUSED_FUNCTION = YES;
				GCC_WARN_UNUSED_VARIABLE = YES;
				IPHONEOS_DEPLOYMENT_TARGET = 9.3;
				MTL_ENABLE_DEBUG_INFO = NO;
				SDKROOT = iphoneos;
				TARGETED_DEVICE_FAMILY = "1,2";
				VALIDATE_PRODUCT = YES;
			};
			name = Release;
		};
		153627E11CD14B990086F486 /* Debug */ = {
			isa = XCBuildConfiguration;
			buildSettings = {
				ASSETCATALOG_COMPILER_APPICON_NAME = AppIcon;
				INFOPLIST_FILE = tips/Info.plist;
				LD_RUNPATH_SEARCH_PATHS = "$(inherited) @executable_path/Frameworks";
				PRODUCT_BUNDLE_IDENTIFIER = com.chriswrenprojects.tips;
				PRODUCT_NAME = "$(TARGET_NAME)";
			};
			name = Debug;
		};
		153627E21CD14B990086F486 /* Release */ = {
			isa = XCBuildConfiguration;
			buildSettings = {
				ASSETCATALOG_COMPILER_APPICON_NAME = AppIcon;
				INFOPLIST_FILE = tips/Info.plist;
				LD_RUNPATH_SEARCH_PATHS = "$(inherited) @executable_path/Frameworks";
				PRODUCT_BUNDLE_IDENTIFIER = com.chriswrenprojects.tips;
				PRODUCT_NAME = "$(TARGET_NAME)";
			};
			name = Release;
		};
		153627E41CD14B990086F486 /* Debug */ = {
			isa = XCBuildConfiguration;
			buildSettings = {
				BUNDLE_LOADER = "$(TEST_HOST)";
				INFOPLIST_FILE = tipsTests/Info.plist;
				LD_RUNPATH_SEARCH_PATHS = "$(inherited) @executable_path/Frameworks @loader_path/Frameworks";
				PRODUCT_BUNDLE_IDENTIFIER = com.chriswrenprojects.tipsTests;
				PRODUCT_NAME = "$(TARGET_NAME)";
				TEST_HOST = "$(BUILT_PRODUCTS_DIR)/tips.app/tips";
			};
			name = Debug;
		};
		153627E51CD14B990086F486 /* Release */ = {
			isa = XCBuildConfiguration;
			buildSettings = {
				BUNDLE_LOADER = "$(TEST_HOST)";
				INFOPLIST_FILE = tipsTests/Info.plist;
				LD_RUNPATH_SEARCH_PATHS = "$(inherited) @executable_path/Frameworks @loader_path/Frameworks";
				PRODUCT_BUNDLE_IDENTIFIER = com.chriswrenprojects.tipsTests;
				PRODUCT_NAME = "$(TARGET_NAME)";
				TEST_HOST = "$(BUILT_PRODUCTS_DIR)/tips.app/tips";
			};
			name = Release;
		};
		153627E71CD14B990086F486 /* Debug */ = {
			isa = XCBuildConfiguration;
			buildSettings = {
				INFOPLIST_FILE = tipsUITests/Info.plist;
				LD_RUNPATH_SEARCH_PATHS = "$(inherited) @executable_path/Frameworks @loader_path/Frameworks";
				PRODUCT_BUNDLE_IDENTIFIER = com.chriswrenprojects.tipsUITests;
				PRODUCT_NAME = "$(TARGET_NAME)";
				TEST_TARGET_NAME = tips;
			};
			name = Debug;
		};
		153627E81CD14B990086F486 /* Release */ = {
			isa = XCBuildConfiguration;
			buildSettings = {
				INFOPLIST_FILE = tipsUITests/Info.plist;
				LD_RUNPATH_SEARCH_PATHS = "$(inherited) @executable_path/Frameworks @loader_path/Frameworks";
				PRODUCT_BUNDLE_IDENTIFIER = com.chriswrenprojects.tipsUITests;
				PRODUCT_NAME = "$(TARGET_NAME)";
				TEST_TARGET_NAME = tips;
			};
			name = Release;
		};
/* End XCBuildConfiguration section */

/* Begin XCConfigurationList section */
		153627B31CD14B930086F486 /* Build configuration list for PBXProject "tips" */ = {
			isa = XCConfigurationList;
			buildConfigurations = (
				153627DE1CD14B990086F486 /* Debug */,
				153627DF1CD14B990086F486 /* Release */,
			);
			defaultConfigurationIsVisible = 0;
			defaultConfigurationName = Release;
		};
		153627E01CD14B990086F486 /* Build configuration list for PBXNativeTarget "tips" */ = {
			isa = XCConfigurationList;
			buildConfigurations = (
				153627E11CD14B990086F486 /* Debug */,
				153627E21CD14B990086F486 /* Release */,
			);
			defaultConfigurationIsVisible = 0;
		};
		153627E31CD14B990086F486 /* Build configuration list for PBXNativeTarget "tipsTests" */ = {
			isa = XCConfigurationList;
			buildConfigurations = (
				153627E41CD14B990086F486 /* Debug */,
				153627E51CD14B990086F486 /* Release */,
			);
			defaultConfigurationIsVisible = 0;
		};
		153627E61CD14B990086F486 /* Build configuration list for PBXNativeTarget "tipsUITests" */ = {
			isa = XCConfigurationList;
			buildConfigurations = (
				153627E71CD14B990086F486 /* Debug */,
				153627E81CD14B990086F486 /* Release */,
			);
			defaultConfigurationIsVisible = 0;
		};
/* End XCConfigurationList section */
	};
	rootObject = 153627B01CD14B920086F486 /* Project object */;
}
